{
  "version": 4,
  "terraform_version": "1.4.6",
  "serial": 3,
  "lineage": "1c3d6440-a20f-8650-765e-441afb2e766b",
  "outputs": {},
  "resources": [
    {
      "mode": "managed",
      "type": "azurerm_resource_group",
      "name": "firstresoursegroup",
      "provider": "provider[\"registry.terraform.io/hashicorp/azurerm\"]",
      "instances": [
        {
          "schema_version": 0,
          "attributes": {
            "id": "/subscriptions/7e8e3d8b-45d6-47f9-a609-7bf271d68182/resourceGroups/myResourceGroup",
            "location": "eastus2",
            "name": "myResourceGroup",
            "tags": null,
            "timeouts": null
          },
          "sensitive_attributes": [],
          "private": "eyJlMmJmYjczMC1lY2FhLTExZTYtOGY4OC0zNDM2M2JjN2M0YzAiOnsiY3JlYXRlIjo1NDAwMDAwMDAwMDAwLCJkZWxldGUiOjU0MDAwMDAwMDAwMDAsInJlYWQiOjMwMDAwMDAwMDAwMCwidXBkYXRlIjo1NDAwMDAwMDAwMDAwfX0="
        }
      ]
    },
    {
      "mode": "managed",
      "type": "azurerm_storage_account",
      "name": "teststorageaccount",
      "provider": "provider[\"registry.terraform.io/hashicorp/azurerm\"]",
      "instances": [
        {
          "schema_version": 3,
          "attributes": {
            "access_tier": "Hot",
            "account_kind": "StorageV2",
            "account_replication_type": "GRS",
            "account_tier": "Standard",
            "allow_nested_items_to_be_public": true,
            "allowed_copy_scope": "",
            "azure_files_authentication": [],
            "blob_properties": [
              {
                "change_feed_enabled": false,
                "change_feed_retention_in_days": 0,
                "container_delete_retention_policy": [],
                "cors_rule": [],
                "default_service_version": "",
                "delete_retention_policy": [],
                "last_access_time_enabled": false,
                "restore_policy": [],
                "versioning_enabled": false
              }
            ],
            "cross_tenant_replication_enabled": true,
            "custom_domain": [],
            "customer_managed_key": [],
            "default_to_oauth_authentication": false,
            "edge_zone": "",
            "enable_https_traffic_only": true,
            "id": "/subscriptions/7e8e3d8b-45d6-47f9-a609-7bf271d68182/resourceGroups/myResourceGroup/providers/Microsoft.Storage/storageAccounts/storageaccount2545",
            "identity": [],
            "immutability_policy": [],
            "infrastructure_encryption_enabled": false,
            "is_hns_enabled": false,
            "large_file_share_enabled": null,
            "location": "eastus2",
            "min_tls_version": "TLS1_2",
            "name": "storageaccount2545",
            "network_rules": [
              {
                "bypass": [
                  "AzureServices"
                ],
                "default_action": "Allow",
                "ip_rules": [],
                "private_link_access": [],
                "virtual_network_subnet_ids": []
              }
            ],
            "nfsv3_enabled": false,
            "primary_access_key": "ZueEMubit8aq0lGuJCDCkKCk6DQgd7QjAq6EXJiX8zrj1qplGyTuivfCZBM/xIyy8/zP4subpOcD+AStysI7Bw==",
            "primary_blob_connection_string": "DefaultEndpointsProtocol=https;BlobEndpoint=https://storageaccount2545.blob.core.windows.net/;AccountName=storageaccount2545;AccountKey=ZueEMubit8aq0lGuJCDCkKCk6DQgd7QjAq6EXJiX8zrj1qplGyTuivfCZBM/xIyy8/zP4subpOcD+AStysI7Bw==",
            "primary_blob_endpoint": "https://storageaccount2545.blob.core.windows.net/",
            "primary_blob_host": "storageaccount2545.blob.core.windows.net",
            "primary_connection_string": "DefaultEndpointsProtocol=https;AccountName=storageaccount2545;AccountKey=ZueEMubit8aq0lGuJCDCkKCk6DQgd7QjAq6EXJiX8zrj1qplGyTuivfCZBM/xIyy8/zP4subpOcD+AStysI7Bw==;EndpointSuffix=core.windows.net",
            "primary_dfs_endpoint": "https://storageaccount2545.dfs.core.windows.net/",
            "primary_dfs_host": "storageaccount2545.dfs.core.windows.net",
            "primary_file_endpoint": "https://storageaccount2545.file.core.windows.net/",
            "primary_file_host": "storageaccount2545.file.core.windows.net",
            "primary_location": "eastus2",
            "primary_queue_endpoint": "https://storageaccount2545.queue.core.windows.net/",
            "primary_queue_host": "storageaccount2545.queue.core.windows.net",
            "primary_table_endpoint": "https://storageaccount2545.table.core.windows.net/",
            "primary_table_host": "storageaccount2545.table.core.windows.net",
            "primary_web_endpoint": "https://storageaccount2545.z20.web.core.windows.net/",
            "primary_web_host": "storageaccount2545.z20.web.core.windows.net",
            "public_network_access_enabled": true,
            "queue_encryption_key_type": "Service",
            "queue_properties": [
              {
                "cors_rule": [],
                "hour_metrics": [
                  {
                    "enabled": true,
                    "include_apis": true,
                    "retention_policy_days": 7,
                    "version": "1.0"
                  }
                ],
                "logging": [
                  {
                    "delete": false,
                    "read": false,
                    "retention_policy_days": 0,
                    "version": "1.0",
                    "write": false
                  }
                ],
                "minute_metrics": [
                  {
                    "enabled": false,
                    "include_apis": false,
                    "retention_policy_days": 0,
                    "version": "1.0"
                  }
                ]
              }
            ],
            "resource_group_name": "myResourceGroup",
            "routing": [],
            "sas_policy": [],
            "secondary_access_key": "tJUQVLCHzOLF/syJ2lc4gJTZPTfLSfpW/PzMy0hlt2bIjBodTeekIXTJZdV9vMqAS6zHJLtAvAkZ+AStm+8GFg==",
            "secondary_blob_connection_string": "",
            "secondary_blob_endpoint": null,
            "secondary_blob_host": null,
            "secondary_connection_string": "DefaultEndpointsProtocol=https;AccountName=storageaccount2545;AccountKey=tJUQVLCHzOLF/syJ2lc4gJTZPTfLSfpW/PzMy0hlt2bIjBodTeekIXTJZdV9vMqAS6zHJLtAvAkZ+AStm+8GFg==;EndpointSuffix=core.windows.net",
            "secondary_dfs_endpoint": null,
            "secondary_dfs_host": null,
            "secondary_file_endpoint": null,
            "secondary_file_host": null,
            "secondary_location": "centralus",
            "secondary_queue_endpoint": null,
            "secondary_queue_host": null,
            "secondary_table_endpoint": null,
            "secondary_table_host": null,
            "secondary_web_endpoint": null,
            "secondary_web_host": null,
            "sftp_enabled": false,
            "share_properties": [
              {
                "cors_rule": [],
                "retention_policy": [
                  {
                    "days": 7
                  }
                ],
                "smb": []
              }
            ],
            "shared_access_key_enabled": true,
            "static_website": [],
            "table_encryption_key_type": "Service",
            "tags": null,
            "timeouts": null
          },
          "sensitive_attributes": [],
          "private": "eyJlMmJmYjczMC1lY2FhLTExZTYtOGY4OC0zNDM2M2JjN2M0YzAiOnsiY3JlYXRlIjozNjAwMDAwMDAwMDAwLCJkZWxldGUiOjM2MDAwMDAwMDAwMDAsInJlYWQiOjMwMDAwMDAwMDAwMCwidXBkYXRlIjozNjAwMDAwMDAwMDAwfSwic2NoZW1hX3ZlcnNpb24iOiIzIn0=",
          "dependencies": [
            "azurerm_resource_group.firstresoursegroup"
          ]
        }
      ]
    }
  ],
  "check_results": null
}
